
Microsoft Visual Studio Solution File, Format Version 12.00
# Visual Studio 15
VisualStudioVersion = 15.0.26730.15
MinimumVisualStudioVersion = 10.0.40219.1
Project("{FAE04EC0-301F-11D3-BF4B-00C04F79EFBC}") = "MySmartSync", "MySmartSync\MySmartSync.csproj", "{7AFE2A13-8EFF-4A40-BC87-18B524B13A6E}"
EndProject
Global
	GlobalSection(SolutionConfigurationPlatforms) = preSolution
		Debug|Any CPU = Debug|Any CPU
		Release|Any CPU = Release|Any CPU
	EndGlobalSection
	GlobalSection(ProjectConfigurationPlatforms) = postSolution
		{7AFE2A13-8EFF-4A40-BC87-18B524B13A6E}.Debug|Any CPU.ActiveCfg = Debug|Any CPU
		{7AFE2A13-8EFF-4A40-BC87-18B524B13A6E}.Debug|Any CPU.Build.0 = Debug|Any CPU
		{7AFE2A13-8EFF-4A40-BC87-18B524B13A6E}.Release|Any CPU.ActiveCfg = Release|Any CPU
		{7AFE2A13-8EFF-4A40-BC87-18B524B13A6E}.Release|Any CPU.Build.0 = Release|Any CPU
	EndGlobalSection
	GlobalSection(SolutionProperties) = preSolution
		HideSolutionNode = FALSE
	EndGlobalSection
	GlobalSection(ExtensibilityGlobals) = postSolution
		SolutionGuid = {766DF3C0-53D7-4A21-AE29-D52E115B6FA1}
	EndGlobalSection
EndGlobal
